{
    "hash": "010bf5a51d631ee6f42e487e45795882",
    "packages": [
        {
            "package": "doctrine\/common",
            "version": "master-dev"
        },
        {
            "package": "symfony\/console",
            "version": "2.1.0-dev"
        },
        {
            "package": "symfony\/yaml",
            "version": "2.1.0-dev"
        },
        {
            "package": "doctrine\/mongodb",
            "version": "master-dev"
        },
        {
            "package": "doctrine\/mongodb-odm",
            "version": "master-dev"
        }
    ]
}