{
    "hash": "92994004a404aa87a830ddc8cdb54f0d",
    "packages": [
        {
            "package": "symfony\/console",
            "version": "2.1.0-dev"
        },
        {
            "package": "symfony\/yaml",
            "version": "2.1.0-dev"
        },
        {
            "package": "doctrine\/mongodb",
            "version": "master-dev"
        },
        {
            "package": "doctrine\/mongodb-odm",
            "version": "master-dev"
        },
        {
            "package": "doctrine\/common",
            "version": "2.1.4"
        }
    ]
}